
Microsoft Visual Studio Solution File, Format Version 12.00
# Visual Studio Version 17
VisualStudioVersion = 17.13.35825.156 d17.13
MinimumVisualStudioVersion = 10.0.40219.1
Project("{FAE04EC0-301F-11D3-BF4B-00C04F79EFBC}") = "StudentProfile", "StudentProfile.csproj", "{A0483E82-7EE8-426D-B2B0-DA3BB6A3B831}"
EndProject
Global
	GlobalSection(SolutionConfigurationPlatforms) = preSolution
		Debug|Any CPU = Debug|Any CPU
		Release|Any CPU = Release|Any CPU
	EndGlobalSection
	GlobalSection(ProjectConfigurationPlatforms) = postSolution
		{A0483E82-7EE8-426D-B2B0-DA3BB6A3B831}.Debug|Any CPU.ActiveCfg = Debug|Any CPU
		{A0483E82-7EE8-426D-B2B0-DA3BB6A3B831}.Debug|Any CPU.Build.0 = Debug|Any CPU
		{A0483E82-7EE8-426D-B2B0-DA3BB6A3B831}.Release|Any CPU.ActiveCfg = Release|Any CPU
		{A0483E82-7EE8-426D-B2B0-DA3BB6A3B831}.Release|Any CPU.Build.0 = Release|Any CPU
	EndGlobalSection
	GlobalSection(SolutionProperties) = preSolution
		HideSolutionNode = FALSE
	EndGlobalSection
	GlobalSection(ExtensibilityGlobals) = postSolution
		SolutionGuid = {DB384223-52B8-469A-A972-46A4EF5B656E}
	EndGlobalSection
EndGlobal
